
Microsoft Visual Studio Solution File, Format Version 12.00
# Visual Studio Version 17
VisualStudioVersion = 17.0.31903.59
MinimumVisualStudioVersion = 10.0.40219.1
Project("{9A19103F-16F7-4668-BE54-9A1E7A4F7556}") = "Inception.Api", "src\Inception.Api\Inception.Api.csproj", "{249390E2-F70F-443F-9E8C-39AD4B3B091E}"
EndProject
Project("{9A19103F-16F7-4668-BE54-9A1E7A4F7556}") = "Inception.Tests", "tests\Inception.Tests\Inception.Tests.csproj", "{C0D82BCE-5445-43E7-8C88-D1C157A259AD}"
EndProject
Project("{FAE04EC0-301F-11D3-BF4B-00C04F79EFBC}") = "Inception.Domain", "src\Inception.Domain\Inception.Domain.csproj", "{D05F3DA9-AEC0-4752-A0C5-4BD7AD505787}"
EndProject
Project("{2150E333-8FDC-42A3-9474-1A3956D46DE8}") = "src", "src", "{2E72F014-69FB-45B0-8A0B-E440DDD61AF7}"
EndProject
Project("{FAE04EC0-301F-11D3-BF4B-00C04F79EFBC}") = "Inception.Infrastructure", "src\Inception.Infrastructure\Inception.Infrastructure.csproj", "{2955EF90-BBB7-4BE5-803D-4451355D65CA}"
EndProject
Project("{FAE04EC0-301F-11D3-BF4B-00C04F79EFBC}") = "Inception.Application", "src\Inception.Application\Inception.Application.csproj", "{595CAC8E-CD2C-4411-8EAB-3093DA987D15}"
EndProject
Project("{FAE04EC0-301F-11D3-BF4B-00C04F79EFBC}") = "Inception.Core", "src\Inception.Core\Inception.Core.csproj", "{73B2FC0F-DF5A-4219-B9D8-736ECB0CF126}"
EndProject
Project("{FAE04EC0-301F-11D3-BF4B-00C04F79EFBC}") = "Inception.Tests", "tests\Inception.Tests\Inception.Tests.csproj", "{C0D82BCE-5445-43E7-8C88-D1C157A259AD}"
EndProject
Global
	GlobalSection(SolutionConfigurationPlatforms) = preSolution
		Debug|Any CPU = Debug|Any CPU
		Release|Any CPU = Release|Any CPU
	EndGlobalSection
	GlobalSection(ProjectConfigurationPlatforms) = postSolution
		{249390E2-F70F-443F-9E8C-39AD4B3B091E}.Debug|Any CPU.ActiveCfg = Debug|Any CPU
		{249390E2-F70F-443F-9E8C-39AD4B3B091E}.Debug|Any CPU.Build.0 = Debug|Any CPU
		{249390E2-F70F-443F-9E8C-39AD4B3B091E}.Release|Any CPU.ActiveCfg = Release|Any CPU
		{249390E2-F70F-443F-9E8C-39AD4B3B091E}.Release|Any CPU.Build.0 = Release|Any CPU
		{E514435D-6544-4C8D-AFDB-2E2C301BE711}.Debug|Any CPU.ActiveCfg = Debug|Any CPU
		{E514435D-6544-4C8D-AFDB-2E2C301BE711}.Debug|Any CPU.Build.0 = Debug|Any CPU
		{E514435D-6544-4C8D-AFDB-2E2C301BE711}.Release|Any CPU.ActiveCfg = Release|Any CPU
		{E514435D-6544-4C8D-AFDB-2E2C301BE711}.Release|Any CPU.Build.0 = Release|Any CPU
		{73B2FC0F-DF5A-4219-B9D8-736ECB0CF126}.Debug|Any CPU.ActiveCfg = Debug|Any CPU
		{73B2FC0F-DF5A-4219-B9D8-736ECB0CF126}.Debug|Any CPU.Build.0 = Debug|Any CPU
		{73B2FC0F-DF5A-4219-B9D8-736ECB0CF126}.Release|Any CPU.ActiveCfg = Release|Any CPU
		{73B2FC0F-DF5A-4219-B9D8-736ECB0CF126}.Release|Any CPU.Build.0 = Release|Any CPU
		{C0D82BCE-5445-43E7-8C88-D1C157A259AD}.Debug|Any CPU.ActiveCfg = Debug|Any CPU
		{C0D82BCE-5445-43E7-8C88-D1C157A259AD}.Debug|Any CPU.Build.0 = Debug|Any CPU
		{C0D82BCE-5445-43E7-8C88-D1C157A259AD}.Release|Any CPU.ActiveCfg = Release|Any CPU
		{C0D82BCE-5445-43E7-8C88-D1C157A259AD}.Release|Any CPU.Build.0 = Release|Any CPU
		{D05F3DA9-AEC0-4752-A0C5-4BD7AD505787}.Debug|Any CPU.ActiveCfg = Debug|Any CPU
		{D05F3DA9-AEC0-4752-A0C5-4BD7AD505787}.Debug|Any CPU.Build.0 = Debug|Any CPU
		{D05F3DA9-AEC0-4752-A0C5-4BD7AD505787}.Release|Any CPU.ActiveCfg = Release|Any CPU
		{D05F3DA9-AEC0-4752-A0C5-4BD7AD505787}.Release|Any CPU.Build.0 = Release|Any CPU
		{2955EF90-BBB7-4BE5-803D-4451355D65CA}.Debug|Any CPU.ActiveCfg = Debug|Any CPU
		{2955EF90-BBB7-4BE5-803D-4451355D65CA}.Debug|Any CPU.Build.0 = Debug|Any CPU
		{2955EF90-BBB7-4BE5-803D-4451355D65CA}.Release|Any CPU.ActiveCfg = Release|Any CPU
		{2955EF90-BBB7-4BE5-803D-4451355D65CA}.Release|Any CPU.Build.0 = Release|Any CPU
		{595CAC8E-CD2C-4411-8EAB-3093DA987D15}.Debug|Any CPU.ActiveCfg = Debug|Any CPU
		{595CAC8E-CD2C-4411-8EAB-3093DA987D15}.Debug|Any CPU.Build.0 = Debug|Any CPU
		{595CAC8E-CD2C-4411-8EAB-3093DA987D15}.Release|Any CPU.ActiveCfg = Release|Any CPU
		{595CAC8E-CD2C-4411-8EAB-3093DA987D15}.Release|Any CPU.Build.0 = Release|Any CPU
	EndGlobalSection
	GlobalSection(SolutionProperties) = preSolution
		HideSolutionNode = FALSE
	EndGlobalSection
	GlobalSection(NestedProjects) = preSolution
		{D05F3DA9-AEC0-4752-A0C5-4BD7AD505787} = {2E72F014-69FB-45B0-8A0B-E440DDD61AF7}
		{2955EF90-BBB7-4BE5-803D-4451355D65CA} = {2E72F014-69FB-45B0-8A0B-E440DDD61AF7}
		{595CAC8E-CD2C-4411-8EAB-3093DA987D15} = {2E72F014-69FB-45B0-8A0B-E440DDD61AF7}
	EndGlobalSection
	GlobalSection(ExtensibilityGlobals) = postSolution
		SolutionGuid = {8085A32D-C1E2-47EC-870C-65D3909DAD09}
	EndGlobalSection
EndGlobal
